
Microsoft Visual Studio Solution File, Format Version 12.00
# Visual Studio Version 16
VisualStudioVersion = 16.0.28803.202
MinimumVisualStudioVersion = 10.0.40219.1
Project("{FAE04EC0-301F-11D3-BF4B-00C04F79EFBC}") = "Kodimax", "Kodimax.csproj", "{ACF6A8C7-F17F-4049-8F05-44913D5EBA27}"
EndProject
Global
	GlobalSection(SolutionConfigurationPlatforms) = preSolution
		Debug|Any CPU = Debug|Any CPU
		Release|Any CPU = Release|Any CPU
	EndGlobalSection
	GlobalSection(ProjectConfigurationPlatforms) = postSolution
		{ACF6A8C7-F17F-4049-8F05-44913D5EBA27}.Debug|Any CPU.ActiveCfg = Debug|Any CPU
		{ACF6A8C7-F17F-4049-8F05-44913D5EBA27}.Debug|Any CPU.Build.0 = Debug|Any CPU
		{ACF6A8C7-F17F-4049-8F05-44913D5EBA27}.Release|Any CPU.ActiveCfg = Release|Any CPU
		{ACF6A8C7-F17F-4049-8F05-44913D5EBA27}.Release|Any CPU.Build.0 = Release|Any CPU
	EndGlobalSection
	GlobalSection(SolutionProperties) = preSolution
		HideSolutionNode = FALSE
	EndGlobalSection
	GlobalSection(ExtensibilityGlobals) = postSolution
		SolutionGuid = {F976CF89-A39A-46FC-B030-52B4809CADE2}
	EndGlobalSection
EndGlobal
